### YamlMime:ManagedReference
items:
- uid: g3.DVector`1.DBlock
  commentId: T:g3.DVector`1.DBlock
  id: DVector`1.DBlock
  parent: g3
  children:
  - g3.DVector`1.DBlock.data
  - g3.DVector`1.DBlock.usedCount
  langs:
  - csharp
  - vb
  name: DVector<T>.DBlock
  nameWithType: DVector<T>.DBlock
  fullName: g3.DVector<T>.DBlock
  type: Struct
  source:
    remote:
      path: Assets/geometry3Sharp/core/DVector.cs
      branch: gh-pages
      repo: https://github.com/runette/ViRGIS.git
    id: DBlock
    path: ../Assets/geometry3Sharp/core/DVector.cs
    startLine: 410
  assemblies:
  - geometry3Sharp
  namespace: g3
  syntax:
    content: public struct DBlock
    content.vb: Public Structure DBlock
  nameWithType.vb: DVector(Of T).DBlock
  modifiers.csharp:
  - public
  - struct
  modifiers.vb:
  - Public
  - Structure
  fullName.vb: g3.DVector(Of T).DBlock
  name.vb: DVector(Of T).DBlock
- uid: g3.DVector`1.DBlock.data
  commentId: F:g3.DVector`1.DBlock.data
  id: data
  parent: g3.DVector`1.DBlock
  langs:
  - csharp
  - vb
  name: data
  nameWithType: DVector<T>.DBlock.data
  fullName: g3.DVector<T>.DBlock.data
  type: Field
  source:
    remote:
      path: Assets/geometry3Sharp/core/DVector.cs
      branch: gh-pages
      repo: https://github.com/runette/ViRGIS.git
    id: data
    path: ../Assets/geometry3Sharp/core/DVector.cs
    startLine: 412
  assemblies:
  - geometry3Sharp
  namespace: g3
  syntax:
    content: public T[] data
    return:
      type: '{T}[]'
    content.vb: Public data As T()
  nameWithType.vb: DVector(Of T).DBlock.data
  modifiers.csharp:
  - public
  modifiers.vb:
  - Public
  fullName.vb: g3.DVector(Of T).DBlock.data
- uid: g3.DVector`1.DBlock.usedCount
  commentId: F:g3.DVector`1.DBlock.usedCount
  id: usedCount
  parent: g3.DVector`1.DBlock
  langs:
  - csharp
  - vb
  name: usedCount
  nameWithType: DVector<T>.DBlock.usedCount
  fullName: g3.DVector<T>.DBlock.usedCount
  type: Field
  source:
    remote:
      path: Assets/geometry3Sharp/core/DVector.cs
      branch: gh-pages
      repo: https://github.com/runette/ViRGIS.git
    id: usedCount
    path: ../Assets/geometry3Sharp/core/DVector.cs
    startLine: 413
  assemblies:
  - geometry3Sharp
  namespace: g3
  syntax:
    content: public int usedCount
    return:
      type: System.Int32
    content.vb: Public usedCount As Integer
  nameWithType.vb: DVector(Of T).DBlock.usedCount
  modifiers.csharp:
  - public
  modifiers.vb:
  - Public
  fullName.vb: g3.DVector(Of T).DBlock.usedCount
references:
- uid: g3
  commentId: N:g3
  name: g3
  nameWithType: g3
  fullName: g3
- uid: '{T}[]'
  isExternal: true
  name: T[]
  nameWithType: T[]
  fullName: T[]
  nameWithType.vb: T()
  fullName.vb: T()
  name.vb: T()
  spec.csharp:
  - name: T
    nameWithType: T
    fullName: T
  - name: '[]'
    nameWithType: '[]'
    fullName: '[]'
  spec.vb:
  - name: T
    nameWithType: T
    fullName: T
  - name: ()
    nameWithType: ()
    fullName: ()
- uid: System.Int32
  commentId: T:System.Int32
  parent: System
  isExternal: true
  name: Int32
  nameWithType: Int32
  fullName: System.Int32
- uid: System
  commentId: N:System
  isExternal: true
  name: System
  nameWithType: System
  fullName: System
